Microsoft Visual Studio Solution File, Format Version 12.00
# Visual Studio Version 17
VisualStudioVersion = 17.5.2.0
MinimumVisualStudioVersion = 10.0.40219.1
Project("{FAE04EC0-301F-11D3-BF4B-00C04F79EFBC}") = "BookProject", "BookProject.csproj", "{CDE38AC9-FCF4-D9AA-7FFD-EF14ED88F61E}"
EndProject
Global
	GlobalSection(SolutionConfigurationPlatforms) = preSolution
		Debug|Any CPU = Debug|Any CPU
		Release|Any CPU = Release|Any CPU
	EndGlobalSection
	GlobalSection(ProjectConfigurationPlatforms) = postSolution
		{CDE38AC9-FCF4-D9AA-7FFD-EF14ED88F61E}.Debug|Any CPU.ActiveCfg = Debug|Any CPU
		{CDE38AC9-FCF4-D9AA-7FFD-EF14ED88F61E}.Debug|Any CPU.Build.0 = Debug|Any CPU
		{CDE38AC9-FCF4-D9AA-7FFD-EF14ED88F61E}.Release|Any CPU.ActiveCfg = Release|Any CPU
		{CDE38AC9-FCF4-D9AA-7FFD-EF14ED88F61E}.Release|Any CPU.Build.0 = Release|Any CPU
	EndGlobalSection
	GlobalSection(SolutionProperties) = preSolution
		HideSolutionNode = FALSE
	EndGlobalSection
	GlobalSection(ExtensibilityGlobals) = postSolution
		SolutionGuid = {C565E138-401D-4F2B-95A2-0B1967E17A00}
	EndGlobalSection
EndGlobal
