Microsoft Visual Studio Solution File, Format Version 12.00
# Visual Studio Version 17
VisualStudioVersion = 17.5.2.0
MinimumVisualStudioVersion = 10.0.40219.1
Project("{FAE04EC0-301F-11D3-BF4B-00C04F79EFBC}") = "HelloWorldProject", "HelloWorldProject\HelloWorldProject.csproj", "{91370ADE-7E0F-C2C4-0AB1-C76E1C96C295}"
EndProject
Global
	GlobalSection(SolutionConfigurationPlatforms) = preSolution
		Debug|Any CPU = Debug|Any CPU
		Release|Any CPU = Release|Any CPU
	EndGlobalSection
	GlobalSection(ProjectConfigurationPlatforms) = postSolution
		{91370ADE-7E0F-C2C4-0AB1-C76E1C96C295}.Debug|Any CPU.ActiveCfg = Debug|Any CPU
		{91370ADE-7E0F-C2C4-0AB1-C76E1C96C295}.Debug|Any CPU.Build.0 = Debug|Any CPU
		{91370ADE-7E0F-C2C4-0AB1-C76E1C96C295}.Release|Any CPU.ActiveCfg = Release|Any CPU
		{91370ADE-7E0F-C2C4-0AB1-C76E1C96C295}.Release|Any CPU.Build.0 = Release|Any CPU
	EndGlobalSection
	GlobalSection(SolutionProperties) = preSolution
		HideSolutionNode = FALSE
	EndGlobalSection
	GlobalSection(ExtensibilityGlobals) = postSolution
		SolutionGuid = {E8823431-40AA-47D7-B383-833D93F11A16}
	EndGlobalSection
EndGlobal
